
Microsoft Visual Studio Solution File, Format Version 12.00
# Visual Studio Version 17
VisualStudioVersion = 17.3.32901.215
MinimumVisualStudioVersion = 10.0.40219.1
Project("{FAE04EC0-301F-11D3-BF4B-00C04F79EFBC}") = "Calisma-vt-777", "Calisma-vt-777\Calisma-vt-777.csproj", "{E2E8E287-FF28-4414-8D7F-A0AC4060A31F}"
EndProject
Global
	GlobalSection(SolutionConfigurationPlatforms) = preSolution
		Debug|Any CPU = Debug|Any CPU
		Release|Any CPU = Release|Any CPU
	EndGlobalSection
	GlobalSection(ProjectConfigurationPlatforms) = postSolution
		{E2E8E287-FF28-4414-8D7F-A0AC4060A31F}.Debug|Any CPU.ActiveCfg = Debug|Any CPU
		{E2E8E287-FF28-4414-8D7F-A0AC4060A31F}.Debug|Any CPU.Build.0 = Debug|Any CPU
		{E2E8E287-FF28-4414-8D7F-A0AC4060A31F}.Release|Any CPU.ActiveCfg = Release|Any CPU
		{E2E8E287-FF28-4414-8D7F-A0AC4060A31F}.Release|Any CPU.Build.0 = Release|Any CPU
	EndGlobalSection
	GlobalSection(SolutionProperties) = preSolution
		HideSolutionNode = FALSE
	EndGlobalSection
	GlobalSection(ExtensibilityGlobals) = postSolution
		SolutionGuid = {74527532-97C9-425F-8EEA-481765EA6DDE}
	EndGlobalSection
EndGlobal
